
Microsoft Visual Studio Solution File, Format Version 12.00
# Visual Studio Version 17
VisualStudioVersion = 17.12.35527.113
MinimumVisualStudioVersion = 10.0.40219.1
Project("{FAE04EC0-301F-11D3-BF4B-00C04F79EFBC}") = "winform-app", "winform-app\winform-app.csproj", "{1C5B0226-704A-46A3-982D-400CCE1BBC1E}"
EndProject
Project("{FAE04EC0-301F-11D3-BF4B-00C04F79EFBC}") = "dominio", "dominios\dominio.csproj", "{FAEDB981-499B-4477-9EC6-869C2EF70841}"
EndProject
Project("{FAE04EC0-301F-11D3-BF4B-00C04F79EFBC}") = "negocio", "negocio\negocio.csproj", "{57297708-29E3-4683-B1A8-885C9F3DFE89}"
EndProject
Global
	GlobalSection(SolutionConfigurationPlatforms) = preSolution
		Debug|Any CPU = Debug|Any CPU
		Release|Any CPU = Release|Any CPU
	EndGlobalSection
	GlobalSection(ProjectConfigurationPlatforms) = postSolution
		{1C5B0226-704A-46A3-982D-400CCE1BBC1E}.Debug|Any CPU.ActiveCfg = Debug|Any CPU
		{1C5B0226-704A-46A3-982D-400CCE1BBC1E}.Debug|Any CPU.Build.0 = Debug|Any CPU
		{1C5B0226-704A-46A3-982D-400CCE1BBC1E}.Release|Any CPU.ActiveCfg = Release|Any CPU
		{1C5B0226-704A-46A3-982D-400CCE1BBC1E}.Release|Any CPU.Build.0 = Release|Any CPU
		{FAEDB981-499B-4477-9EC6-869C2EF70841}.Debug|Any CPU.ActiveCfg = Debug|Any CPU
		{FAEDB981-499B-4477-9EC6-869C2EF70841}.Debug|Any CPU.Build.0 = Debug|Any CPU
		{FAEDB981-499B-4477-9EC6-869C2EF70841}.Release|Any CPU.ActiveCfg = Release|Any CPU
		{FAEDB981-499B-4477-9EC6-869C2EF70841}.Release|Any CPU.Build.0 = Release|Any CPU
		{57297708-29E3-4683-B1A8-885C9F3DFE89}.Debug|Any CPU.ActiveCfg = Debug|Any CPU
		{57297708-29E3-4683-B1A8-885C9F3DFE89}.Debug|Any CPU.Build.0 = Debug|Any CPU
		{57297708-29E3-4683-B1A8-885C9F3DFE89}.Release|Any CPU.ActiveCfg = Release|Any CPU
		{57297708-29E3-4683-B1A8-885C9F3DFE89}.Release|Any CPU.Build.0 = Release|Any CPU
	EndGlobalSection
	GlobalSection(SolutionProperties) = preSolution
		HideSolutionNode = FALSE
	EndGlobalSection
	GlobalSection(ExtensibilityGlobals) = postSolution
		SolutionGuid = {3BEE3B63-C876-4947-8BA3-3C0824FABA7E}
	EndGlobalSection
EndGlobal
