
Microsoft Visual Studio Solution File, Format Version 12.00
# Visual Studio Version 17
VisualStudioVersion = 17.9.34728.123
MinimumVisualStudioVersion = 10.0.40219.1
Project("{FAE04EC0-301F-11D3-BF4B-00C04F79EFBC}") = "ejemplo1", "ejemplo1\ejemplo1.csproj", "{C726EBC3-5533-485E-882F-A5B216FDA5CA}"
EndProject
Project("{FAE04EC0-301F-11D3-BF4B-00C04F79EFBC}") = "ejemplo2", "ejemplo2\ejemplo2.csproj", "{5499A33A-98BB-4067-890B-42A319559BF9}"
EndProject
Global
	GlobalSection(SolutionConfigurationPlatforms) = preSolution
		Debug|Any CPU = Debug|Any CPU
		Release|Any CPU = Release|Any CPU
	EndGlobalSection
	GlobalSection(ProjectConfigurationPlatforms) = postSolution
		{C726EBC3-5533-485E-882F-A5B216FDA5CA}.Debug|Any CPU.ActiveCfg = Debug|Any CPU
		{C726EBC3-5533-485E-882F-A5B216FDA5CA}.Debug|Any CPU.Build.0 = Debug|Any CPU
		{C726EBC3-5533-485E-882F-A5B216FDA5CA}.Release|Any CPU.ActiveCfg = Release|Any CPU
		{C726EBC3-5533-485E-882F-A5B216FDA5CA}.Release|Any CPU.Build.0 = Release|Any CPU
		{5499A33A-98BB-4067-890B-42A319559BF9}.Debug|Any CPU.ActiveCfg = Debug|Any CPU
		{5499A33A-98BB-4067-890B-42A319559BF9}.Debug|Any CPU.Build.0 = Debug|Any CPU
		{5499A33A-98BB-4067-890B-42A319559BF9}.Release|Any CPU.ActiveCfg = Release|Any CPU
		{5499A33A-98BB-4067-890B-42A319559BF9}.Release|Any CPU.Build.0 = Release|Any CPU
	EndGlobalSection
	GlobalSection(SolutionProperties) = preSolution
		HideSolutionNode = FALSE
	EndGlobalSection
	GlobalSection(ExtensibilityGlobals) = postSolution
		SolutionGuid = {0E851982-DF17-4B04-98D8-581A92C28A73}
	EndGlobalSection
EndGlobal
