
Microsoft Visual Studio Solution File, Format Version 12.00
# Visual Studio Version 17
VisualStudioVersion = 17.11.35222.181
MinimumVisualStudioVersion = 10.0.40219.1
Project("{FAE04EC0-301F-11D3-BF4B-00C04F79EFBC}") = "ejemploWinFormsDateTime", "ejemploWinFormsDateTime\ejemploWinFormsDateTime.csproj", "{8ACEDC49-1E8F-49C9-B482-58280BDBA27A}"
EndProject
Global
	GlobalSection(SolutionConfigurationPlatforms) = preSolution
		Debug|Any CPU = Debug|Any CPU
		Release|Any CPU = Release|Any CPU
	EndGlobalSection
	GlobalSection(ProjectConfigurationPlatforms) = postSolution
		{8ACEDC49-1E8F-49C9-B482-58280BDBA27A}.Debug|Any CPU.ActiveCfg = Debug|Any CPU
		{8ACEDC49-1E8F-49C9-B482-58280BDBA27A}.Debug|Any CPU.Build.0 = Debug|Any CPU
		{8ACEDC49-1E8F-49C9-B482-58280BDBA27A}.Release|Any CPU.ActiveCfg = Release|Any CPU
		{8ACEDC49-1E8F-49C9-B482-58280BDBA27A}.Release|Any CPU.Build.0 = Release|Any CPU
	EndGlobalSection
	GlobalSection(SolutionProperties) = preSolution
		HideSolutionNode = FALSE
	EndGlobalSection
	GlobalSection(ExtensibilityGlobals) = postSolution
		SolutionGuid = {15D8C82E-C298-453F-B5D3-989972A8C1F9}
	EndGlobalSection
EndGlobal
