
Microsoft Visual Studio Solution File, Format Version 12.00
# Visual Studio Version 17
VisualStudioVersion = 17.9.34728.123
MinimumVisualStudioVersion = 10.0.40219.1
Project("{FAE04EC0-301F-11D3-BF4B-00C04F79EFBC}") = "ejemplo1", "ejemplo1\ejemplo1.csproj", "{6469687C-DB5F-49E2-90CB-DB969DB8B1CA}"
EndProject
Global
	GlobalSection(SolutionConfigurationPlatforms) = preSolution
		Debug|Any CPU = Debug|Any CPU
		Release|Any CPU = Release|Any CPU
	EndGlobalSection
	GlobalSection(ProjectConfigurationPlatforms) = postSolution
		{6469687C-DB5F-49E2-90CB-DB969DB8B1CA}.Debug|Any CPU.ActiveCfg = Debug|Any CPU
		{6469687C-DB5F-49E2-90CB-DB969DB8B1CA}.Debug|Any CPU.Build.0 = Debug|Any CPU
		{6469687C-DB5F-49E2-90CB-DB969DB8B1CA}.Release|Any CPU.ActiveCfg = Release|Any CPU
		{6469687C-DB5F-49E2-90CB-DB969DB8B1CA}.Release|Any CPU.Build.0 = Release|Any CPU
	EndGlobalSection
	GlobalSection(SolutionProperties) = preSolution
		HideSolutionNode = FALSE
	EndGlobalSection
	GlobalSection(ExtensibilityGlobals) = postSolution
		SolutionGuid = {1E876B29-57B9-481F-914C-E306B8592E93}
	EndGlobalSection
EndGlobal
