
Microsoft Visual Studio Solution File, Format Version 12.00
# Visual Studio Version 17
VisualStudioVersion = 17.10.35122.118
MinimumVisualStudioVersion = 10.0.40219.1
Project("{FAE04EC0-301F-11D3-BF4B-00C04F79EFBC}") = "ejemColeccionesyAsociacion", "ejemploColecciones\ejemColeccionesyAsociacion.csproj", "{2040AD33-61EA-45A2-B87B-060235B66547}"
EndProject
Project("{FAE04EC0-301F-11D3-BF4B-00C04F79EFBC}") = "ejemHerenciayTiposDeClases", "ejemploHerencia\ejemHerenciayTiposDeClases.csproj", "{6F982516-5E10-4C67-B435-96419E7466A7}"
EndProject
Project("{FAE04EC0-301F-11D3-BF4B-00C04F79EFBC}") = "ejemMetodoseInterfaces", "ejemploMetodos\ejemMetodoseInterfaces.csproj", "{4629914D-1711-4050-BDAC-1FABDD021175}"
EndProject
Global
	GlobalSection(SolutionConfigurationPlatforms) = preSolution
		Debug|Any CPU = Debug|Any CPU
		Release|Any CPU = Release|Any CPU
	EndGlobalSection
	GlobalSection(ProjectConfigurationPlatforms) = postSolution
		{2040AD33-61EA-45A2-B87B-060235B66547}.Debug|Any CPU.ActiveCfg = Debug|Any CPU
		{2040AD33-61EA-45A2-B87B-060235B66547}.Debug|Any CPU.Build.0 = Debug|Any CPU
		{2040AD33-61EA-45A2-B87B-060235B66547}.Release|Any CPU.ActiveCfg = Release|Any CPU
		{2040AD33-61EA-45A2-B87B-060235B66547}.Release|Any CPU.Build.0 = Release|Any CPU
		{6F982516-5E10-4C67-B435-96419E7466A7}.Debug|Any CPU.ActiveCfg = Debug|Any CPU
		{6F982516-5E10-4C67-B435-96419E7466A7}.Debug|Any CPU.Build.0 = Debug|Any CPU
		{6F982516-5E10-4C67-B435-96419E7466A7}.Release|Any CPU.ActiveCfg = Release|Any CPU
		{6F982516-5E10-4C67-B435-96419E7466A7}.Release|Any CPU.Build.0 = Release|Any CPU
		{4629914D-1711-4050-BDAC-1FABDD021175}.Debug|Any CPU.ActiveCfg = Debug|Any CPU
		{4629914D-1711-4050-BDAC-1FABDD021175}.Debug|Any CPU.Build.0 = Debug|Any CPU
		{4629914D-1711-4050-BDAC-1FABDD021175}.Release|Any CPU.ActiveCfg = Release|Any CPU
		{4629914D-1711-4050-BDAC-1FABDD021175}.Release|Any CPU.Build.0 = Release|Any CPU
	EndGlobalSection
	GlobalSection(SolutionProperties) = preSolution
		HideSolutionNode = FALSE
	EndGlobalSection
	GlobalSection(ExtensibilityGlobals) = postSolution
		SolutionGuid = {E9FAE914-9AE0-441C-A176-3195EE057840}
	EndGlobalSection
EndGlobal
